// !$*UTF8*$!
{
	archiveVersion = 1;
	classes = {
	};
	objectVersion = 55;
	objects = {

/* Begin PBXBuildFile section */
		2FA5C6AE650C9D36C4F74E2B /* Pods_QuizButton.framework in Frameworks */ = {isa = PBXBuildFile; fileRef = B774D7D11B179A3BBE6FFBCB /* Pods_QuizButton.framework */; };
		32BBAA4E25DAAAC67BF5FA58 /* Pods_QuizButtonTests.framework in Frameworks */ = {isa = PBXBuildFile; fileRef = DEB141F49796E996BFA36D94 /* Pods_QuizButtonTests.framework */; };
		453AEA02273B5BBD0093951A /* EntranceViewModel.swift in Sources */ = {isa = PBXBuildFile; fileRef = 453AEA01273B5BBD0093951A /* EntranceViewModel.swift */; };
		453AEA04273B5BD30093951A /* CreatingRoomViewModel.swift in Sources */ = {isa = PBXBuildFile; fileRef = 453AEA03273B5BD30093951A /* CreatingRoomViewModel.swift */; };
		453AEA06273B5C0D0093951A /* CreatingRoomWireframe.swift in Sources */ = {isa = PBXBuildFile; fileRef = 453AEA05273B5C0C0093951A /* CreatingRoomWireframe.swift */; };
		453AEA08273B5C190093951A /* EntranceWireframe.swift in Sources */ = {isa = PBXBuildFile; fileRef = 453AEA07273B5C190093951A /* EntranceWireframe.swift */; };
		454B185E2747DDBC005F35B2 /* MultiPeerConnectionService.swift in Sources */ = {isa = PBXBuildFile; fileRef = 454B185D2747DDBC005F35B2 /* MultiPeerConnectionService.swift */; };
		457C20EE27461F470066C872 /* AlertUtility.swift in Sources */ = {isa = PBXBuildFile; fileRef = 457C20ED27461F470066C872 /* AlertUtility.swift */; };
		457C20F1274635210066C872 /* RoomNumberRequest.swift in Sources */ = {isa = PBXBuildFile; fileRef = 457C20F0274635210066C872 /* RoomNumberRequest.swift */; };
		45A9DE35273AA8820051DA7E /* Home.storyboard in Resources */ = {isa = PBXBuildFile; fileRef = 45A9DE34273AA8820051DA7E /* Home.storyboard */; };
		45A9DE37273AA8A10051DA7E /* HomeViewController.swift in Sources */ = {isa = PBXBuildFile; fileRef = 45A9DE36273AA8A10051DA7E /* HomeViewController.swift */; };
		45A9DE39273AABE30051DA7E /* HomeViewModel.swift in Sources */ = {isa = PBXBuildFile; fileRef = 45A9DE38273AABE30051DA7E /* HomeViewModel.swift */; };
		45A9DE3B273AB3FB0051DA7E /* Wireframe.swift in Sources */ = {isa = PBXBuildFile; fileRef = 45A9DE3A273AB3FB0051DA7E /* Wireframe.swift */; };
		45A9DE3D273ABC320051DA7E /* HomeWireframe.swift in Sources */ = {isa = PBXBuildFile; fileRef = 45A9DE3C273ABC320051DA7E /* HomeWireframe.swift */; };
		45A9DE40273ABDE70051DA7E /* CreatingRoom.storyboard in Resources */ = {isa = PBXBuildFile; fileRef = 45A9DE3F273ABDE70051DA7E /* CreatingRoom.storyboard */; };
		45A9DE42273ABDF50051DA7E /* CreatingRoomViewController.swift in Sources */ = {isa = PBXBuildFile; fileRef = 45A9DE41273ABDF50051DA7E /* CreatingRoomViewController.swift */; };
		45A9DE45273ABE160051DA7E /* Entrance.storyboard in Resources */ = {isa = PBXBuildFile; fileRef = 45A9DE44273ABE160051DA7E /* Entrance.storyboard */; };
		45A9DE47273ABE220051DA7E /* EntranceViewController.swift in Sources */ = {isa = PBXBuildFile; fileRef = 45A9DE46273ABE210051DA7E /* EntranceViewController.swift */; };
		45C3E8EE27473A6D00FB9566 /* AlertWireframe.swift in Sources */ = {isa = PBXBuildFile; fileRef = 45C3E8ED27473A6D00FB9566 /* AlertWireframe.swift */; };
		45C3E8F127473C2100FB9566 /* Standby.storyboard in Resources */ = {isa = PBXBuildFile; fileRef = 45C3E8F027473C2100FB9566 /* Standby.storyboard */; };
		45C3E8F327473C2E00FB9566 /* StandbyViewController.swift in Sources */ = {isa = PBXBuildFile; fileRef = 45C3E8F227473C2E00FB9566 /* StandbyViewController.swift */; };
		45C3E8F527473C3A00FB9566 /* StandbyViewModel.swift in Sources */ = {isa = PBXBuildFile; fileRef = 45C3E8F427473C3A00FB9566 /* StandbyViewModel.swift */; };
		45C6421127477CC900379FFA /* CreatingRoomDataSource.swift in Sources */ = {isa = PBXBuildFile; fileRef = 45C6421027477CC900379FFA /* CreatingRoomDataSource.swift */; };
		45C6421427477DC700379FFA /* CreatingRoomTableViewCell.swift in Sources */ = {isa = PBXBuildFile; fileRef = 45C6421227477DC700379FFA /* CreatingRoomTableViewCell.swift */; };
		45C6421527477DC700379FFA /* CreatingRoomTableViewCell.xib in Resources */ = {isa = PBXBuildFile; fileRef = 45C6421327477DC700379FFA /* CreatingRoomTableViewCell.xib */; };
		45C642172747969500379FFA /* SessionType.swift in Sources */ = {isa = PBXBuildFile; fileRef = 45C642162747969400379FFA /* SessionType.swift */; };
		45C642192747978B00379FFA /* SessionData.swift in Sources */ = {isa = PBXBuildFile; fileRef = 45C642182747978B00379FFA /* SessionData.swift */; };
		45DEB06B273AA69300361BDD /* AppDelegate.swift in Sources */ = {isa = PBXBuildFile; fileRef = 45DEB06A273AA69300361BDD /* AppDelegate.swift */; };
		45DEB06D273AA69300361BDD /* SceneDelegate.swift in Sources */ = {isa = PBXBuildFile; fileRef = 45DEB06C273AA69300361BDD /* SceneDelegate.swift */; };
		45DEB074273AA69500361BDD /* Assets.xcassets in Resources */ = {isa = PBXBuildFile; fileRef = 45DEB073273AA69500361BDD /* Assets.xcassets */; };
		45DEB077273AA69500361BDD /* LaunchScreen.storyboard in Resources */ = {isa = PBXBuildFile; fileRef = 45DEB075273AA69500361BDD /* LaunchScreen.storyboard */; };
		45DEB082273AA69600361BDD /* QuizButtonTests.swift in Sources */ = {isa = PBXBuildFile; fileRef = 45DEB081273AA69600361BDD /* QuizButtonTests.swift */; };
		45DEB08C273AA69600361BDD /* QuizButtonUITests.swift in Sources */ = {isa = PBXBuildFile; fileRef = 45DEB08B273AA69600361BDD /* QuizButtonUITests.swift */; };
		45DEB08E273AA69600361BDD /* QuizButtonUITestsLaunchTests.swift in Sources */ = {isa = PBXBuildFile; fileRef = 45DEB08D273AA69600361BDD /* QuizButtonUITestsLaunchTests.swift */; };
		B38EF0A08C7681CE0E8D0262 /* Pods_QuizButton_QuizButtonUITests.framework in Frameworks */ = {isa = PBXBuildFile; fileRef = 5479E3A993C534DB259BA021 /* Pods_QuizButton_QuizButtonUITests.framework */; };
/* End PBXBuildFile section */

/* Begin PBXContainerItemProxy section */
		45DEB07E273AA69600361BDD /* PBXContainerItemProxy */ = {
			isa = PBXContainerItemProxy;
			containerPortal = 45DEB05F273AA69300361BDD /* Project object */;
			proxyType = 1;
			remoteGlobalIDString = 45DEB066273AA69300361BDD;
			remoteInfo = QuizButton;
		};
		45DEB088273AA69600361BDD /* PBXContainerItemProxy */ = {
			isa = PBXContainerItemProxy;
			containerPortal = 45DEB05F273AA69300361BDD /* Project object */;
			proxyType = 1;
			remoteGlobalIDString = 45DEB066273AA69300361BDD;
			remoteInfo = QuizButton;
		};
/* End PBXContainerItemProxy section */

/* Begin PBXFileReference section */
		241C976EFCC4B16C35D67754 /* Pods-QuizButtonTests.release.xcconfig */ = {isa = PBXFileReference; includeInIndex = 1; lastKnownFileType = text.xcconfig; name = "Pods-QuizButtonTests.release.xcconfig"; path = "Target Support Files/Pods-QuizButtonTests/Pods-QuizButtonTests.release.xcconfig"; sourceTree = "<group>"; };
		34562B8C1CBFB560EF3CDE33 /* Pods-QuizButton-QuizButtonUITests.release.xcconfig */ = {isa = PBXFileReference; includeInIndex = 1; lastKnownFileType = text.xcconfig; name = "Pods-QuizButton-QuizButtonUITests.release.xcconfig"; path = "Target Support Files/Pods-QuizButton-QuizButtonUITests/Pods-QuizButton-QuizButtonUITests.release.xcconfig"; sourceTree = "<group>"; };
		453AEA01273B5BBD0093951A /* EntranceViewModel.swift */ = {isa = PBXFileReference; lastKnownFileType = sourcecode.swift; path = EntranceViewModel.swift; sourceTree = "<group>"; };
		453AEA03273B5BD30093951A /* CreatingRoomViewModel.swift */ = {isa = PBXFileReference; lastKnownFileType = sourcecode.swift; path = CreatingRoomViewModel.swift; sourceTree = "<group>"; };
		453AEA05273B5C0C0093951A /* CreatingRoomWireframe.swift */ = {isa = PBXFileReference; lastKnownFileType = sourcecode.swift; path = CreatingRoomWireframe.swift; sourceTree = "<group>"; };
		453AEA07273B5C190093951A /* EntranceWireframe.swift */ = {isa = PBXFileReference; lastKnownFileType = sourcecode.swift; path = EntranceWireframe.swift; sourceTree = "<group>"; };
		454B185D2747DDBC005F35B2 /* MultiPeerConnectionService.swift */ = {isa = PBXFileReference; lastKnownFileType = sourcecode.swift; path = MultiPeerConnectionService.swift; sourceTree = "<group>"; };
		457C20ED27461F470066C872 /* AlertUtility.swift */ = {isa = PBXFileReference; lastKnownFileType = sourcecode.swift; path = AlertUtility.swift; sourceTree = "<group>"; };
		457C20F0274635210066C872 /* RoomNumberRequest.swift */ = {isa = PBXFileReference; lastKnownFileType = sourcecode.swift; path = RoomNumberRequest.swift; sourceTree = "<group>"; };
		45A9DE34273AA8820051DA7E /* Home.storyboard */ = {isa = PBXFileReference; lastKnownFileType = file.storyboard; path = Home.storyboard; sourceTree = "<group>"; };
		45A9DE36273AA8A10051DA7E /* HomeViewController.swift */ = {isa = PBXFileReference; lastKnownFileType = sourcecode.swift; path = HomeViewController.swift; sourceTree = "<group>"; };
		45A9DE38273AABE30051DA7E /* HomeViewModel.swift */ = {isa = PBXFileReference; lastKnownFileType = sourcecode.swift; path = HomeViewModel.swift; sourceTree = "<group>"; };
		45A9DE3A273AB3FB0051DA7E /* Wireframe.swift */ = {isa = PBXFileReference; lastKnownFileType = sourcecode.swift; path = Wireframe.swift; sourceTree = "<group>"; };
		45A9DE3C273ABC320051DA7E /* HomeWireframe.swift */ = {isa = PBXFileReference; lastKnownFileType = sourcecode.swift; path = HomeWireframe.swift; sourceTree = "<group>"; };
		45A9DE3F273ABDE70051DA7E /* CreatingRoom.storyboard */ = {isa = PBXFileReference; lastKnownFileType = file.storyboard; path = CreatingRoom.storyboard; sourceTree = "<group>"; };
		45A9DE41273ABDF50051DA7E /* CreatingRoomViewController.swift */ = {isa = PBXFileReference; lastKnownFileType = sourcecode.swift; path = CreatingRoomViewController.swift; sourceTree = "<group>"; };
		45A9DE44273ABE160051DA7E /* Entrance.storyboard */ = {isa = PBXFileReference; lastKnownFileType = file.storyboard; path = Entrance.storyboard; sourceTree = "<group>"; };
		45A9DE46273ABE210051DA7E /* EntranceViewController.swift */ = {isa = PBXFileReference; lastKnownFileType = sourcecode.swift; path = EntranceViewController.swift; sourceTree = "<group>"; };
		45C3E8ED27473A6D00FB9566 /* AlertWireframe.swift */ = {isa = PBXFileReference; lastKnownFileType = sourcecode.swift; path = AlertWireframe.swift; sourceTree = "<group>"; };
		45C3E8F027473C2100FB9566 /* Standby.storyboard */ = {isa = PBXFileReference; lastKnownFileType = file.storyboard; path = Standby.storyboard; sourceTree = "<group>"; };
		45C3E8F227473C2E00FB9566 /* StandbyViewController.swift */ = {isa = PBXFileReference; lastKnownFileType = sourcecode.swift; path = StandbyViewController.swift; sourceTree = "<group>"; };
		45C3E8F427473C3A00FB9566 /* StandbyViewModel.swift */ = {isa = PBXFileReference; lastKnownFileType = sourcecode.swift; path = StandbyViewModel.swift; sourceTree = "<group>"; };
		45C6421027477CC900379FFA /* CreatingRoomDataSource.swift */ = {isa = PBXFileReference; lastKnownFileType = sourcecode.swift; path = CreatingRoomDataSource.swift; sourceTree = "<group>"; };
		45C6421227477DC700379FFA /* CreatingRoomTableViewCell.swift */ = {isa = PBXFileReference; lastKnownFileType = sourcecode.swift; path = CreatingRoomTableViewCell.swift; sourceTree = "<group>"; };
		45C6421327477DC700379FFA /* CreatingRoomTableViewCell.xib */ = {isa = PBXFileReference; lastKnownFileType = file.xib; path = CreatingRoomTableViewCell.xib; sourceTree = "<group>"; };
		45C642162747969400379FFA /* SessionType.swift */ = {isa = PBXFileReference; lastKnownFileType = sourcecode.swift; path = SessionType.swift; sourceTree = "<group>"; };
		45C642182747978B00379FFA /* SessionData.swift */ = {isa = PBXFileReference; lastKnownFileType = sourcecode.swift; path = SessionData.swift; sourceTree = "<group>"; };
		45DEB067273AA69300361BDD /* QuizButton.app */ = {isa = PBXFileReference; explicitFileType = wrapper.application; includeInIndex = 0; path = QuizButton.app; sourceTree = BUILT_PRODUCTS_DIR; };
		45DEB06A273AA69300361BDD /* AppDelegate.swift */ = {isa = PBXFileReference; lastKnownFileType = sourcecode.swift; path = AppDelegate.swift; sourceTree = "<group>"; };
		45DEB06C273AA69300361BDD /* SceneDelegate.swift */ = {isa = PBXFileReference; lastKnownFileType = sourcecode.swift; path = SceneDelegate.swift; sourceTree = "<group>"; };
		45DEB073273AA69500361BDD /* Assets.xcassets */ = {isa = PBXFileReference; lastKnownFileType = folder.assetcatalog; path = Assets.xcassets; sourceTree = "<group>"; };
		45DEB076273AA69500361BDD /* Base */ = {isa = PBXFileReference; lastKnownFileType = file.storyboard; name = Base; path = Base.lproj/LaunchScreen.storyboard; sourceTree = "<group>"; };
		45DEB078273AA69500361BDD /* Info.plist */ = {isa = PBXFileReference; lastKnownFileType = text.plist.xml; path = Info.plist; sourceTree = "<group>"; };
		45DEB07D273AA69600361BDD /* QuizButtonTests.xctest */ = {isa = PBXFileReference; explicitFileType = wrapper.cfbundle; includeInIndex = 0; path = QuizButtonTests.xctest; sourceTree = BUILT_PRODUCTS_DIR; };
		45DEB081273AA69600361BDD /* QuizButtonTests.swift */ = {isa = PBXFileReference; lastKnownFileType = sourcecode.swift; path = QuizButtonTests.swift; sourceTree = "<group>"; };
		45DEB087273AA69600361BDD /* QuizButtonUITests.xctest */ = {isa = PBXFileReference; explicitFileType = wrapper.cfbundle; includeInIndex = 0; path = QuizButtonUITests.xctest; sourceTree = BUILT_PRODUCTS_DIR; };
		45DEB08B273AA69600361BDD /* QuizButtonUITests.swift */ = {isa = PBXFileReference; lastKnownFileType = sourcecode.swift; path = QuizButtonUITests.swift; sourceTree = "<group>"; };
		45DEB08D273AA69600361BDD /* QuizButtonUITestsLaunchTests.swift */ = {isa = PBXFileReference; lastKnownFileType = sourcecode.swift; path = QuizButtonUITestsLaunchTests.swift; sourceTree = "<group>"; };
		4763ACE522B61E9459BF8316 /* Pods-QuizButtonTests.debug.xcconfig */ = {isa = PBXFileReference; includeInIndex = 1; lastKnownFileType = text.xcconfig; name = "Pods-QuizButtonTests.debug.xcconfig"; path = "Target Support Files/Pods-QuizButtonTests/Pods-QuizButtonTests.debug.xcconfig"; sourceTree = "<group>"; };
		5479E3A993C534DB259BA021 /* Pods_QuizButton_QuizButtonUITests.framework */ = {isa = PBXFileReference; explicitFileType = wrapper.framework; includeInIndex = 0; path = Pods_QuizButton_QuizButtonUITests.framework; sourceTree = BUILT_PRODUCTS_DIR; };
		63C5BE4E9C58DA4F5A9FA100 /* Pods-QuizButton.debug.xcconfig */ = {isa = PBXFileReference; includeInIndex = 1; lastKnownFileType = text.xcconfig; name = "Pods-QuizButton.debug.xcconfig"; path = "Target Support Files/Pods-QuizButton/Pods-QuizButton.debug.xcconfig"; sourceTree = "<group>"; };
		774610C69D0B7F5AAD86BFBD /* Pods-QuizButton-QuizButtonUITests.debug.xcconfig */ = {isa = PBXFileReference; includeInIndex = 1; lastKnownFileType = text.xcconfig; name = "Pods-QuizButton-QuizButtonUITests.debug.xcconfig"; path = "Target Support Files/Pods-QuizButton-QuizButtonUITests/Pods-QuizButton-QuizButtonUITests.debug.xcconfig"; sourceTree = "<group>"; };
		B65BF513DB27A968B1368E78 /* Pods-QuizButton.release.xcconfig */ = {isa = PBXFileReference; includeInIndex = 1; lastKnownFileType = text.xcconfig; name = "Pods-QuizButton.release.xcconfig"; path = "Target Support Files/Pods-QuizButton/Pods-QuizButton.release.xcconfig"; sourceTree = "<group>"; };
		B774D7D11B179A3BBE6FFBCB /* Pods_QuizButton.framework */ = {isa = PBXFileReference; explicitFileType = wrapper.framework; includeInIndex = 0; path = Pods_QuizButton.framework; sourceTree = BUILT_PRODUCTS_DIR; };
		DEB141F49796E996BFA36D94 /* Pods_QuizButtonTests.framework */ = {isa = PBXFileReference; explicitFileType = wrapper.framework; includeInIndex = 0; path = Pods_QuizButtonTests.framework; sourceTree = BUILT_PRODUCTS_DIR; };
/* End PBXFileReference section */

/* Begin PBXFrameworksBuildPhase section */
		45DEB064273AA69300361BDD /* Frameworks */ = {
			isa = PBXFrameworksBuildPhase;
			buildActionMask = 2147483647;
			files = (
				2FA5C6AE650C9D36C4F74E2B /* Pods_QuizButton.framework in Frameworks */,
			);
			runOnlyForDeploymentPostprocessing = 0;
		};
		45DEB07A273AA69600361BDD /* Frameworks */ = {
			isa = PBXFrameworksBuildPhase;
			buildActionMask = 2147483647;
			files = (
				32BBAA4E25DAAAC67BF5FA58 /* Pods_QuizButtonTests.framework in Frameworks */,
			);
			runOnlyForDeploymentPostprocessing = 0;
		};
		45DEB084273AA69600361BDD /* Frameworks */ = {
			isa = PBXFrameworksBuildPhase;
			buildActionMask = 2147483647;
			files = (
				B38EF0A08C7681CE0E8D0262 /* Pods_QuizButton_QuizButtonUITests.framework in Frameworks */,
			);
			runOnlyForDeploymentPostprocessing = 0;
		};
/* End PBXFrameworksBuildPhase section */

/* Begin PBXGroup section */
		1700408375A634A8716C2FD8 /* Pods */ = {
			isa = PBXGroup;
			children = (
				63C5BE4E9C58DA4F5A9FA100 /* Pods-QuizButton.debug.xcconfig */,
				B65BF513DB27A968B1368E78 /* Pods-QuizButton.release.xcconfig */,
				774610C69D0B7F5AAD86BFBD /* Pods-QuizButton-QuizButtonUITests.debug.xcconfig */,
				34562B8C1CBFB560EF3CDE33 /* Pods-QuizButton-QuizButtonUITests.release.xcconfig */,
				4763ACE522B61E9459BF8316 /* Pods-QuizButtonTests.debug.xcconfig */,
				241C976EFCC4B16C35D67754 /* Pods-QuizButtonTests.release.xcconfig */,
			);
			path = Pods;
			sourceTree = "<group>";
		};
		454B185C2747DDAA005F35B2 /* Service */ = {
			isa = PBXGroup;
			children = (
				454B185D2747DDBC005F35B2 /* MultiPeerConnectionService.swift */,
			);
			path = Service;
			sourceTree = "<group>";
		};
		457C20EC27461F300066C872 /* Utility */ = {
			isa = PBXGroup;
			children = (
				457C20ED27461F470066C872 /* AlertUtility.swift */,
			);
			path = Utility;
			sourceTree = "<group>";
		};
		457C20EF274634FB0066C872 /* Model */ = {
			isa = PBXGroup;
			children = (
				457C20F0274635210066C872 /* RoomNumberRequest.swift */,
				45C642162747969400379FFA /* SessionType.swift */,
				45C642182747978B00379FFA /* SessionData.swift */,
			);
			path = Model;
			sourceTree = "<group>";
		};
		45A9DE33273AA7C50051DA7E /* Home */ = {
			isa = PBXGroup;
			children = (
				45A9DE34273AA8820051DA7E /* Home.storyboard */,
				45A9DE36273AA8A10051DA7E /* HomeViewController.swift */,
				45A9DE38273AABE30051DA7E /* HomeViewModel.swift */,
				45A9DE3C273ABC320051DA7E /* HomeWireframe.swift */,
			);
			path = Home;
			sourceTree = "<group>";
		};
		45A9DE3E273ABD900051DA7E /* CreatingRoom */ = {
			isa = PBXGroup;
			children = (
				45A9DE3F273ABDE70051DA7E /* CreatingRoom.storyboard */,
				45A9DE41273ABDF50051DA7E /* CreatingRoomViewController.swift */,
				453AEA03273B5BD30093951A /* CreatingRoomViewModel.swift */,
				453AEA05273B5C0C0093951A /* CreatingRoomWireframe.swift */,
				45C6421027477CC900379FFA /* CreatingRoomDataSource.swift */,
				45C6421227477DC700379FFA /* CreatingRoomTableViewCell.swift */,
				45C6421327477DC700379FFA /* CreatingRoomTableViewCell.xib */,
			);
			path = CreatingRoom;
			sourceTree = "<group>";
		};
		45A9DE43273ABE060051DA7E /* Entrance */ = {
			isa = PBXGroup;
			children = (
				45A9DE44273ABE160051DA7E /* Entrance.storyboard */,
				45A9DE46273ABE210051DA7E /* EntranceViewController.swift */,
				453AEA01273B5BBD0093951A /* EntranceViewModel.swift */,
				453AEA07273B5C190093951A /* EntranceWireframe.swift */,
			);
			path = Entrance;
			sourceTree = "<group>";
		};
		45C3E8EC27473A4300FB9566 /* Wireframe */ = {
			isa = PBXGroup;
			children = (
				45C3E8ED27473A6D00FB9566 /* AlertWireframe.swift */,
				45A9DE3A273AB3FB0051DA7E /* Wireframe.swift */,
			);
			path = Wireframe;
			sourceTree = "<group>";
		};
		45C3E8EF27473C0E00FB9566 /* Standby */ = {
			isa = PBXGroup;
			children = (
				45C3E8F027473C2100FB9566 /* Standby.storyboard */,
				45C3E8F227473C2E00FB9566 /* StandbyViewController.swift */,
				45C3E8F427473C3A00FB9566 /* StandbyViewModel.swift */,
			);
			path = Standby;
			sourceTree = "<group>";
		};
		45DEB05E273AA69300361BDD = {
			isa = PBXGroup;
			children = (
				45DEB069273AA69300361BDD /* QuizButton */,
				45DEB080273AA69600361BDD /* QuizButtonTests */,
				45DEB08A273AA69600361BDD /* QuizButtonUITests */,
				45DEB068273AA69300361BDD /* Products */,
				1700408375A634A8716C2FD8 /* Pods */,
				49A630A0C559030052481E48 /* Frameworks */,
			);
			sourceTree = "<group>";
		};
		45DEB068273AA69300361BDD /* Products */ = {
			isa = PBXGroup;
			children = (
				45DEB067273AA69300361BDD /* QuizButton.app */,
				45DEB07D273AA69600361BDD /* QuizButtonTests.xctest */,
				45DEB087273AA69600361BDD /* QuizButtonUITests.xctest */,
			);
			name = Products;
			sourceTree = "<group>";
		};
		45DEB069273AA69300361BDD /* QuizButton */ = {
			isa = PBXGroup;
			children = (
				454B185C2747DDAA005F35B2 /* Service */,
				45C3E8EF27473C0E00FB9566 /* Standby */,
				45C3E8EC27473A4300FB9566 /* Wireframe */,
				457C20EF274634FB0066C872 /* Model */,
				457C20EC27461F300066C872 /* Utility */,
				45A9DE43273ABE060051DA7E /* Entrance */,
				45A9DE3E273ABD900051DA7E /* CreatingRoom */,
				45A9DE33273AA7C50051DA7E /* Home */,
				45DEB06A273AA69300361BDD /* AppDelegate.swift */,
				45DEB06C273AA69300361BDD /* SceneDelegate.swift */,
				45DEB073273AA69500361BDD /* Assets.xcassets */,
				45DEB075273AA69500361BDD /* LaunchScreen.storyboard */,
				45DEB078273AA69500361BDD /* Info.plist */,
			);
			path = QuizButton;
			sourceTree = "<group>";
		};
		45DEB080273AA69600361BDD /* QuizButtonTests */ = {
			isa = PBXGroup;
			children = (
				45DEB081273AA69600361BDD /* QuizButtonTests.swift */,
			);
			path = QuizButtonTests;
			sourceTree = "<group>";
		};
		45DEB08A273AA69600361BDD /* QuizButtonUITests */ = {
			isa = PBXGroup;
			children = (
				45DEB08B273AA69600361BDD /* QuizButtonUITests.swift */,
				45DEB08D273AA69600361BDD /* QuizButtonUITestsLaunchTests.swift */,
			);
			path = QuizButtonUITests;
			sourceTree = "<group>";
		};
		49A630A0C559030052481E48 /* Frameworks */ = {
			isa = PBXGroup;
			children = (
				B774D7D11B179A3BBE6FFBCB /* Pods_QuizButton.framework */,
				5479E3A993C534DB259BA021 /* Pods_QuizButton_QuizButtonUITests.framework */,
				DEB141F49796E996BFA36D94 /* Pods_QuizButtonTests.framework */,
			);
			name = Frameworks;
			sourceTree = "<group>";
		};
/* End PBXGroup section */

/* Begin PBXNativeTarget section */
		45DEB066273AA69300361BDD /* QuizButton */ = {
			isa = PBXNativeTarget;
			buildConfigurationList = 45DEB091273AA69600361BDD /* Build configuration list for PBXNativeTarget "QuizButton" */;
			buildPhases = (
				72AD961AFA03CBA4319C8327 /* [CP] Check Pods Manifest.lock */,
				45DEB063273AA69300361BDD /* Sources */,
				45DEB064273AA69300361BDD /* Frameworks */,
				45DEB065273AA69300361BDD /* Resources */,
				EC71B704444B75F7CA4BAE90 /* [CP] Embed Pods Frameworks */,
			);
			buildRules = (
			);
			dependencies = (
			);
			name = QuizButton;
			productName = QuizButton;
			productReference = 45DEB067273AA69300361BDD /* QuizButton.app */;
			productType = "com.apple.product-type.application";
		};
		45DEB07C273AA69600361BDD /* QuizButtonTests */ = {
			isa = PBXNativeTarget;
			buildConfigurationList = 45DEB094273AA69600361BDD /* Build configuration list for PBXNativeTarget "QuizButtonTests" */;
			buildPhases = (
				2AF66A747428A07487494E0B /* [CP] Check Pods Manifest.lock */,
				45DEB079273AA69600361BDD /* Sources */,
				45DEB07A273AA69600361BDD /* Frameworks */,
				45DEB07B273AA69600361BDD /* Resources */,
			);
			buildRules = (
			);
			dependencies = (
				45DEB07F273AA69600361BDD /* PBXTargetDependency */,
			);
			name = QuizButtonTests;
			productName = QuizButtonTests;
			productReference = 45DEB07D273AA69600361BDD /* QuizButtonTests.xctest */;
			productType = "com.apple.product-type.bundle.unit-test";
		};
		45DEB086273AA69600361BDD /* QuizButtonUITests */ = {
			isa = PBXNativeTarget;
			buildConfigurationList = 45DEB097273AA69600361BDD /* Build configuration list for PBXNativeTarget "QuizButtonUITests" */;
			buildPhases = (
				9F3364E3620C2F827DF5A74C /* [CP] Check Pods Manifest.lock */,
				45DEB083273AA69600361BDD /* Sources */,
				45DEB084273AA69600361BDD /* Frameworks */,
				45DEB085273AA69600361BDD /* Resources */,
				319BAFF70B36128DB4057C6B /* [CP] Embed Pods Frameworks */,
			);
			buildRules = (
			);
			dependencies = (
				45DEB089273AA69600361BDD /* PBXTargetDependency */,
			);
			name = QuizButtonUITests;
			productName = QuizButtonUITests;
			productReference = 45DEB087273AA69600361BDD /* QuizButtonUITests.xctest */;
			productType = "com.apple.product-type.bundle.ui-testing";
		};
/* End PBXNativeTarget section */

/* Begin PBXProject section */
		45DEB05F273AA69300361BDD /* Project object */ = {
			isa = PBXProject;
			attributes = {
				BuildIndependentTargetsInParallel = 1;
				LastSwiftUpdateCheck = 1300;
				LastUpgradeCheck = 1300;
				TargetAttributes = {
					45DEB066273AA69300361BDD = {
						CreatedOnToolsVersion = 13.0;
					};
					45DEB07C273AA69600361BDD = {
						CreatedOnToolsVersion = 13.0;
						TestTargetID = 45DEB066273AA69300361BDD;
					};
					45DEB086273AA69600361BDD = {
						CreatedOnToolsVersion = 13.0;
						TestTargetID = 45DEB066273AA69300361BDD;
					};
				};
			};
			buildConfigurationList = 45DEB062273AA69300361BDD /* Build configuration list for PBXProject "QuizButton" */;
			compatibilityVersion = "Xcode 13.0";
			developmentRegion = en;
			hasScannedForEncodings = 0;
			knownRegions = (
				en,
				Base,
			);
			mainGroup = 45DEB05E273AA69300361BDD;
			productRefGroup = 45DEB068273AA69300361BDD /* Products */;
			projectDirPath = "";
			projectRoot = "";
			targets = (
				45DEB066273AA69300361BDD /* QuizButton */,
				45DEB07C273AA69600361BDD /* QuizButtonTests */,
				45DEB086273AA69600361BDD /* QuizButtonUITests */,
			);
		};
/* End PBXProject section */

/* Begin PBXResourcesBuildPhase section */
		45DEB065273AA69300361BDD /* Resources */ = {
			isa = PBXResourcesBuildPhase;
			buildActionMask = 2147483647;
			files = (
				45C6421527477DC700379FFA /* CreatingRoomTableViewCell.xib in Resources */,
				45A9DE45273ABE160051DA7E /* Entrance.storyboard in Resources */,
				45DEB077273AA69500361BDD /* LaunchScreen.storyboard in Resources */,
				45DEB074273AA69500361BDD /* Assets.xcassets in Resources */,
				45A9DE40273ABDE70051DA7E /* CreatingRoom.storyboard in Resources */,
				45C3E8F127473C2100FB9566 /* Standby.storyboard in Resources */,
				45A9DE35273AA8820051DA7E /* Home.storyboard in Resources */,
			);
			runOnlyForDeploymentPostprocessing = 0;
		};
		45DEB07B273AA69600361BDD /* Resources */ = {
			isa = PBXResourcesBuildPhase;
			buildActionMask = 2147483647;
			files = (
			);
			runOnlyForDeploymentPostprocessing = 0;
		};
		45DEB085273AA69600361BDD /* Resources */ = {
			isa = PBXResourcesBuildPhase;
			buildActionMask = 2147483647;
			files = (
			);
			runOnlyForDeploymentPostprocessing = 0;
		};
/* End PBXResourcesBuildPhase section */

/* Begin PBXShellScriptBuildPhase section */
		2AF66A747428A07487494E0B /* [CP] Check Pods Manifest.lock */ = {
			isa = PBXShellScriptBuildPhase;
			buildActionMask = 2147483647;
			files = (
			);
			inputFileListPaths = (
			);
			inputPaths = (
				"${PODS_PODFILE_DIR_PATH}/Podfile.lock",
				"${PODS_ROOT}/Manifest.lock",
			);
			name = "[CP] Check Pods Manifest.lock";
			outputFileListPaths = (
			);
			outputPaths = (
				"$(DERIVED_FILE_DIR)/Pods-QuizButtonTests-checkManifestLockResult.txt",
			);
			runOnlyForDeploymentPostprocessing = 0;
			shellPath = /bin/sh;
			shellScript = "diff \"${PODS_PODFILE_DIR_PATH}/Podfile.lock\" \"${PODS_ROOT}/Manifest.lock\" > /dev/null\nif [ $? != 0 ] ; then\n    # print error to STDERR\n    echo \"error: The sandbox is not in sync with the Podfile.lock. Run 'pod install' or update your CocoaPods installation.\" >&2\n    exit 1\nfi\n# This output is used by Xcode 'outputs' to avoid re-running this script phase.\necho \"SUCCESS\" > \"${SCRIPT_OUTPUT_FILE_0}\"\n";
			showEnvVarsInLog = 0;
		};
		319BAFF70B36128DB4057C6B /* [CP] Embed Pods Frameworks */ = {
			isa = PBXShellScriptBuildPhase;
			buildActionMask = 2147483647;
			files = (
			);
			inputFileListPaths = (
				"${PODS_ROOT}/Target Support Files/Pods-QuizButton-QuizButtonUITests/Pods-QuizButton-QuizButtonUITests-frameworks-${CONFIGURATION}-input-files.xcfilelist",
			);
			name = "[CP] Embed Pods Frameworks";
			outputFileListPaths = (
				"${PODS_ROOT}/Target Support Files/Pods-QuizButton-QuizButtonUITests/Pods-QuizButton-QuizButtonUITests-frameworks-${CONFIGURATION}-output-files.xcfilelist",
			);
			runOnlyForDeploymentPostprocessing = 0;
			shellPath = /bin/sh;
			shellScript = "\"${PODS_ROOT}/Target Support Files/Pods-QuizButton-QuizButtonUITests/Pods-QuizButton-QuizButtonUITests-frameworks.sh\"\n";
			showEnvVarsInLog = 0;
		};
		72AD961AFA03CBA4319C8327 /* [CP] Check Pods Manifest.lock */ = {
			isa = PBXShellScriptBuildPhase;
			buildActionMask = 2147483647;
			files = (
			);
			inputFileListPaths = (
			);
			inputPaths = (
				"${PODS_PODFILE_DIR_PATH}/Podfile.lock",
				"${PODS_ROOT}/Manifest.lock",
			);
			name = "[CP] Check Pods Manifest.lock";
			outputFileListPaths = (
			);
			outputPaths = (
				"$(DERIVED_FILE_DIR)/Pods-QuizButton-checkManifestLockResult.txt",
			);
			runOnlyForDeploymentPostprocessing = 0;
			shellPath = /bin/sh;
			shellScript = "diff \"${PODS_PODFILE_DIR_PATH}/Podfile.lock\" \"${PODS_ROOT}/Manifest.lock\" > /dev/null\nif [ $? != 0 ] ; then\n    # print error to STDERR\n    echo \"error: The sandbox is not in sync with the Podfile.lock. Run 'pod install' or update your CocoaPods installation.\" >&2\n    exit 1\nfi\n# This output is used by Xcode 'outputs' to avoid re-running this script phase.\necho \"SUCCESS\" > \"${SCRIPT_OUTPUT_FILE_0}\"\n";
			showEnvVarsInLog = 0;
		};
		9F3364E3620C2F827DF5A74C /* [CP] Check Pods Manifest.lock */ = {
			isa = PBXShellScriptBuildPhase;
			buildActionMask = 2147483647;
			files = (
			);
			inputFileListPaths = (
			);
			inputPaths = (
				"${PODS_PODFILE_DIR_PATH}/Podfile.lock",
				"${PODS_ROOT}/Manifest.lock",
			);
			name = "[CP] Check Pods Manifest.lock";
			outputFileListPaths = (
			);
			outputPaths = (
				"$(DERIVED_FILE_DIR)/Pods-QuizButton-QuizButtonUITests-checkManifestLockResult.txt",
			);
			runOnlyForDeploymentPostprocessing = 0;
			shellPath = /bin/sh;
			shellScript = "diff \"${PODS_PODFILE_DIR_PATH}/Podfile.lock\" \"${PODS_ROOT}/Manifest.lock\" > /dev/null\nif [ $? != 0 ] ; then\n    # print error to STDERR\n    echo \"error: The sandbox is not in sync with the Podfile.lock. Run 'pod install' or update your CocoaPods installation.\" >&2\n    exit 1\nfi\n# This output is used by Xcode 'outputs' to avoid re-running this script phase.\necho \"SUCCESS\" > \"${SCRIPT_OUTPUT_FILE_0}\"\n";
			showEnvVarsInLog = 0;
		};
		EC71B704444B75F7CA4BAE90 /* [CP] Embed Pods Frameworks */ = {
			isa = PBXShellScriptBuildPhase;
			buildActionMask = 2147483647;
			files = (
			);
			inputFileListPaths = (
				"${PODS_ROOT}/Target Support Files/Pods-QuizButton/Pods-QuizButton-frameworks-${CONFIGURATION}-input-files.xcfilelist",
			);
			name = "[CP] Embed Pods Frameworks";
			outputFileListPaths = (
				"${PODS_ROOT}/Target Support Files/Pods-QuizButton/Pods-QuizButton-frameworks-${CONFIGURATION}-output-files.xcfilelist",
			);
			runOnlyForDeploymentPostprocessing = 0;
			shellPath = /bin/sh;
			shellScript = "\"${PODS_ROOT}/Target Support Files/Pods-QuizButton/Pods-QuizButton-frameworks.sh\"\n";
			showEnvVarsInLog = 0;
		};
/* End PBXShellScriptBuildPhase section */

/* Begin PBXSourcesBuildPhase section */
		45DEB063273AA69300361BDD /* Sources */ = {
			isa = PBXSourcesBuildPhase;
			buildActionMask = 2147483647;
			files = (
				453AEA08273B5C190093951A /* EntranceWireframe.swift in Sources */,
				45C3E8F527473C3A00FB9566 /* StandbyViewModel.swift in Sources */,
				45C6421127477CC900379FFA /* CreatingRoomDataSource.swift in Sources */,
				453AEA02273B5BBD0093951A /* EntranceViewModel.swift in Sources */,
				457C20EE27461F470066C872 /* AlertUtility.swift in Sources */,
				45A9DE42273ABDF50051DA7E /* CreatingRoomViewController.swift in Sources */,
				45C3E8EE27473A6D00FB9566 /* AlertWireframe.swift in Sources */,
				457C20F1274635210066C872 /* RoomNumberRequest.swift in Sources */,
				45A9DE3B273AB3FB0051DA7E /* Wireframe.swift in Sources */,
				45DEB06B273AA69300361BDD /* AppDelegate.swift in Sources */,
				45C642172747969500379FFA /* SessionType.swift in Sources */,
				45DEB06D273AA69300361BDD /* SceneDelegate.swift in Sources */,
				45A9DE37273AA8A10051DA7E /* HomeViewController.swift in Sources */,
				45C3E8F327473C2E00FB9566 /* StandbyViewController.swift in Sources */,
				454B185E2747DDBC005F35B2 /* MultiPeerConnectionService.swift in Sources */,
				453AEA04273B5BD30093951A /* CreatingRoomViewModel.swift in Sources */,
				45A9DE39273AABE30051DA7E /* HomeViewModel.swift in Sources */,
				45C642192747978B00379FFA /* SessionData.swift in Sources */,
				453AEA06273B5C0D0093951A /* CreatingRoomWireframe.swift in Sources */,
				45A9DE47273ABE220051DA7E /* EntranceViewController.swift in Sources */,
				45C6421427477DC700379FFA /* CreatingRoomTableViewCell.swift in Sources */,
				45A9DE3D273ABC320051DA7E /* HomeWireframe.swift in Sources */,
			);
			runOnlyForDeploymentPostprocessing = 0;
		};
		45DEB079273AA69600361BDD /* Sources */ = {
			isa = PBXSourcesBuildPhase;
			buildActionMask = 2147483647;
			files = (
				45DEB082273AA69600361BDD /* QuizButtonTests.swift in Sources */,
			);
			runOnlyForDeploymentPostprocessing = 0;
		};
		45DEB083273AA69600361BDD /* Sources */ = {
			isa = PBXSourcesBuildPhase;
			buildActionMask = 2147483647;
			files = (
				45DEB08C273AA69600361BDD /* QuizButtonUITests.swift in Sources */,
				45DEB08E273AA69600361BDD /* QuizButtonUITestsLaunchTests.swift in Sources */,
			);
			runOnlyForDeploymentPostprocessing = 0;
		};
/* End PBXSourcesBuildPhase section */

/* Begin PBXTargetDependency section */
		45DEB07F273AA69600361BDD /* PBXTargetDependency */ = {
			isa = PBXTargetDependency;
			target = 45DEB066273AA69300361BDD /* QuizButton */;
			targetProxy = 45DEB07E273AA69600361BDD /* PBXContainerItemProxy */;
		};
		45DEB089273AA69600361BDD /* PBXTargetDependency */ = {
			isa = PBXTargetDependency;
			target = 45DEB066273AA69300361BDD /* QuizButton */;
			targetProxy = 45DEB088273AA69600361BDD /* PBXContainerItemProxy */;
		};
/* End PBXTargetDependency section */

/* Begin PBXVariantGroup section */
		45DEB075273AA69500361BDD /* LaunchScreen.storyboard */ = {
			isa = PBXVariantGroup;
			children = (
				45DEB076273AA69500361BDD /* Base */,
			);
			name = LaunchScreen.storyboard;
			sourceTree = "<group>";
		};
/* End PBXVariantGroup section */

/* Begin XCBuildConfiguration section */
		45DEB08F273AA69600361BDD /* Debug */ = {
			isa = XCBuildConfiguration;
			buildSettings = {
				ALWAYS_SEARCH_USER_PATHS = NO;
				CLANG_ANALYZER_NONNULL = YES;
				CLANG_ANALYZER_NUMBER_OBJECT_CONVERSION = YES_AGGRESSIVE;
				CLANG_CXX_LANGUAGE_STANDARD = "gnu++17";
				CLANG_CXX_LIBRARY = "libc++";
				CLANG_ENABLE_MODULES = YES;
				CLANG_ENABLE_OBJC_ARC = YES;
				CLANG_ENABLE_OBJC_WEAK = YES;
				CLANG_WARN_BLOCK_CAPTURE_AUTORELEASING = YES;
				CLANG_WARN_BOOL_CONVERSION = YES;
				CLANG_WARN_COMMA = YES;
				CLANG_WARN_CONSTANT_CONVERSION = YES;
				CLANG_WARN_DEPRECATED_OBJC_IMPLEMENTATIONS = YES;
				CLANG_WARN_DIRECT_OBJC_ISA_USAGE = YES_ERROR;
				CLANG_WARN_DOCUMENTATION_COMMENTS = YES;
				CLANG_WARN_EMPTY_BODY = YES;
				CLANG_WARN_ENUM_CONVERSION = YES;
				CLANG_WARN_INFINITE_RECURSION = YES;
				CLANG_WARN_INT_CONVERSION = YES;
				CLANG_WARN_NON_LITERAL_NULL_CONVERSION = YES;
				CLANG_WARN_OBJC_IMPLICIT_RETAIN_SELF = YES;
				CLANG_WARN_OBJC_LITERAL_CONVERSION = YES;
				CLANG_WARN_OBJC_ROOT_CLASS = YES_ERROR;
				CLANG_WARN_QUOTED_INCLUDE_IN_FRAMEWORK_HEADER = YES;
				CLANG_WARN_RANGE_LOOP_ANALYSIS = YES;
				CLANG_WARN_STRICT_PROTOTYPES = YES;
				CLANG_WARN_SUSPICIOUS_MOVE = YES;
				CLANG_WARN_UNGUARDED_AVAILABILITY = YES_AGGRESSIVE;
				CLANG_WARN_UNREACHABLE_CODE = YES;
				CLANG_WARN__DUPLICATE_METHOD_MATCH = YES;
				COPY_PHASE_STRIP = NO;
				DEBUG_INFORMATION_FORMAT = dwarf;
				ENABLE_STRICT_OBJC_MSGSEND = YES;
				ENABLE_TESTABILITY = YES;
				GCC_C_LANGUAGE_STANDARD = gnu11;
				GCC_DYNAMIC_NO_PIC = NO;
				GCC_NO_COMMON_BLOCKS = YES;
				GCC_OPTIMIZATION_LEVEL = 0;
				GCC_PREPROCESSOR_DEFINITIONS = (
					"DEBUG=1",
					"$(inherited)",
				);
				GCC_WARN_64_TO_32_BIT_CONVERSION = YES;
				GCC_WARN_ABOUT_RETURN_TYPE = YES_ERROR;
				GCC_WARN_UNDECLARED_SELECTOR = YES;
				GCC_WARN_UNINITIALIZED_AUTOS = YES_AGGRESSIVE;
				GCC_WARN_UNUSED_FUNCTION = YES;
				GCC_WARN_UNUSED_VARIABLE = YES;
				IPHONEOS_DEPLOYMENT_TARGET = 15.0;
				MTL_ENABLE_DEBUG_INFO = INCLUDE_SOURCE;
				MTL_FAST_MATH = YES;
				ONLY_ACTIVE_ARCH = YES;
				SDKROOT = iphoneos;
				SWIFT_ACTIVE_COMPILATION_CONDITIONS = DEBUG;
				SWIFT_OPTIMIZATION_LEVEL = "-Onone";
			};
			name = Debug;
		};
		45DEB090273AA69600361BDD /* Release */ = {
			isa = XCBuildConfiguration;
			buildSettings = {
				ALWAYS_SEARCH_USER_PATHS = NO;
				CLANG_ANALYZER_NONNULL = YES;
				CLANG_ANALYZER_NUMBER_OBJECT_CONVERSION = YES_AGGRESSIVE;
				CLANG_CXX_LANGUAGE_STANDARD = "gnu++17";
				CLANG_CXX_LIBRARY = "libc++";
				CLANG_ENABLE_MODULES = YES;
				CLANG_ENABLE_OBJC_ARC = YES;
				CLANG_ENABLE_OBJC_WEAK = YES;
				CLANG_WARN_BLOCK_CAPTURE_AUTORELEASING = YES;
				CLANG_WARN_BOOL_CONVERSION = YES;
				CLANG_WARN_COMMA = YES;
				CLANG_WARN_CONSTANT_CONVERSION = YES;
				CLANG_WARN_DEPRECATED_OBJC_IMPLEMENTATIONS = YES;
				CLANG_WARN_DIRECT_OBJC_ISA_USAGE = YES_ERROR;
				CLANG_WARN_DOCUMENTATION_COMMENTS = YES;
				CLANG_WARN_EMPTY_BODY = YES;
				CLANG_WARN_ENUM_CONVERSION = YES;
				CLANG_WARN_INFINITE_RECURSION = YES;
				CLANG_WARN_INT_CONVERSION = YES;
				CLANG_WARN_NON_LITERAL_NULL_CONVERSION = YES;
				CLANG_WARN_OBJC_IMPLICIT_RETAIN_SELF = YES;
				CLANG_WARN_OBJC_LITERAL_CONVERSION = YES;
				CLANG_WARN_OBJC_ROOT_CLASS = YES_ERROR;
				CLANG_WARN_QUOTED_INCLUDE_IN_FRAMEWORK_HEADER = YES;
				CLANG_WARN_RANGE_LOOP_ANALYSIS = YES;
				CLANG_WARN_STRICT_PROTOTYPES = YES;
				CLANG_WARN_SUSPICIOUS_MOVE = YES;
				CLANG_WARN_UNGUARDED_AVAILABILITY = YES_AGGRESSIVE;
				CLANG_WARN_UNREACHABLE_CODE = YES;
				CLANG_WARN__DUPLICATE_METHOD_MATCH = YES;
				COPY_PHASE_STRIP = NO;
				DEBUG_INFORMATION_FORMAT = "dwarf-with-dsym";
				ENABLE_NS_ASSERTIONS = NO;
				ENABLE_STRICT_OBJC_MSGSEND = YES;
				GCC_C_LANGUAGE_STANDARD = gnu11;
				GCC_NO_COMMON_BLOCKS = YES;
				GCC_WARN_64_TO_32_BIT_CONVERSION = YES;
				GCC_WARN_ABOUT_RETURN_TYPE = YES_ERROR;
				GCC_WARN_UNDECLARED_SELECTOR = YES;
				GCC_WARN_UNINITIALIZED_AUTOS = YES_AGGRESSIVE;
				GCC_WARN_UNUSED_FUNCTION = YES;
				GCC_WARN_UNUSED_VARIABLE = YES;
				IPHONEOS_DEPLOYMENT_TARGET = 15.0;
				MTL_ENABLE_DEBUG_INFO = NO;
				MTL_FAST_MATH = YES;
				SDKROOT = iphoneos;
				SWIFT_COMPILATION_MODE = wholemodule;
				SWIFT_OPTIMIZATION_LEVEL = "-O";
				VALIDATE_PRODUCT = YES;
			};
			name = Release;
		};
		45DEB092273AA69600361BDD /* Debug */ = {
			isa = XCBuildConfiguration;
			baseConfigurationReference = 63C5BE4E9C58DA4F5A9FA100 /* Pods-QuizButton.debug.xcconfig */;
			buildSettings = {
				ASSETCATALOG_COMPILER_APPICON_NAME = AppIcon;
				ASSETCATALOG_COMPILER_GLOBAL_ACCENT_COLOR_NAME = AccentColor;
				CODE_SIGN_STYLE = Automatic;
				CURRENT_PROJECT_VERSION = 1;
				DEVELOPMENT_TEAM = 4ZVQBU36QY;
				GENERATE_INFOPLIST_FILE = YES;
				INFOPLIST_FILE = QuizButton/Info.plist;
				INFOPLIST_KEY_UIApplicationSupportsIndirectInputEvents = YES;
				INFOPLIST_KEY_UILaunchStoryboardName = LaunchScreen;
				INFOPLIST_KEY_UISupportedInterfaceOrientations_iPad = "UIInterfaceOrientationPortrait UIInterfaceOrientationPortraitUpsideDown UIInterfaceOrientationLandscapeLeft UIInterfaceOrientationLandscapeRight";
				INFOPLIST_KEY_UISupportedInterfaceOrientations_iPhone = "UIInterfaceOrientationPortrait UIInterfaceOrientationLandscapeLeft UIInterfaceOrientationLandscapeRight";
				LD_RUNPATH_SEARCH_PATHS = (
					"$(inherited)",
					"@executable_path/Frameworks",
				);
				MARKETING_VERSION = 1.0;
				PRODUCT_BUNDLE_IDENTIFIER = com.yuken.QuizButton;
				PRODUCT_NAME = "$(TARGET_NAME)";
				SWIFT_EMIT_LOC_STRINGS = YES;
				SWIFT_VERSION = 5.0;
				TARGETED_DEVICE_FAMILY = "1,2";
			};
			name = Debug;
		};
		45DEB093273AA69600361BDD /* Release */ = {
			isa = XCBuildConfiguration;
			baseConfigurationReference = B65BF513DB27A968B1368E78 /* Pods-QuizButton.release.xcconfig */;
			buildSettings = {
				ASSETCATALOG_COMPILER_APPICON_NAME = AppIcon;
				ASSETCATALOG_COMPILER_GLOBAL_ACCENT_COLOR_NAME = AccentColor;
				CODE_SIGN_STYLE = Automatic;
				CURRENT_PROJECT_VERSION = 1;
				DEVELOPMENT_TEAM = 4ZVQBU36QY;
				GENERATE_INFOPLIST_FILE = YES;
				INFOPLIST_FILE = QuizButton/Info.plist;
				INFOPLIST_KEY_UIApplicationSupportsIndirectInputEvents = YES;
				INFOPLIST_KEY_UILaunchStoryboardName = LaunchScreen;
				INFOPLIST_KEY_UISupportedInterfaceOrientations_iPad = "UIInterfaceOrientationPortrait UIInterfaceOrientationPortraitUpsideDown UIInterfaceOrientationLandscapeLeft UIInterfaceOrientationLandscapeRight";
				INFOPLIST_KEY_UISupportedInterfaceOrientations_iPhone = "UIInterfaceOrientationPortrait UIInterfaceOrientationLandscapeLeft UIInterfaceOrientationLandscapeRight";
				LD_RUNPATH_SEARCH_PATHS = (
					"$(inherited)",
					"@executable_path/Frameworks",
				);
				MARKETING_VERSION = 1.0;
				PRODUCT_BUNDLE_IDENTIFIER = com.yuken.QuizButton;
				PRODUCT_NAME = "$(TARGET_NAME)";
				SWIFT_EMIT_LOC_STRINGS = YES;
				SWIFT_VERSION = 5.0;
				TARGETED_DEVICE_FAMILY = "1,2";
			};
			name = Release;
		};
		45DEB095273AA69600361BDD /* Debug */ = {
			isa = XCBuildConfiguration;
			baseConfigurationReference = 4763ACE522B61E9459BF8316 /* Pods-QuizButtonTests.debug.xcconfig */;
			buildSettings = {
				ALWAYS_EMBED_SWIFT_STANDARD_LIBRARIES = YES;
				BUNDLE_LOADER = "$(TEST_HOST)";
				CODE_SIGN_STYLE = Automatic;
				CURRENT_PROJECT_VERSION = 1;
				DEVELOPMENT_TEAM = 4ZVQBU36QY;
				GENERATE_INFOPLIST_FILE = YES;
				IPHONEOS_DEPLOYMENT_TARGET = 15.0;
				LD_RUNPATH_SEARCH_PATHS = (
					"$(inherited)",
					"@executable_path/Frameworks",
					"@loader_path/Frameworks",
				);
				MARKETING_VERSION = 1.0;
				PRODUCT_BUNDLE_IDENTIFIER = com.yuken.QuizButtonTests;
				PRODUCT_NAME = "$(TARGET_NAME)";
				SWIFT_EMIT_LOC_STRINGS = NO;
				SWIFT_VERSION = 5.0;
				TARGETED_DEVICE_FAMILY = "1,2";
				TEST_HOST = "$(BUILT_PRODUCTS_DIR)/QuizButton.app/QuizButton";
			};
			name = Debug;
		};
		45DEB096273AA69600361BDD /* Release */ = {
			isa = XCBuildConfiguration;
			baseConfigurationReference = 241C976EFCC4B16C35D67754 /* Pods-QuizButtonTests.release.xcconfig */;
			buildSettings = {
				ALWAYS_EMBED_SWIFT_STANDARD_LIBRARIES = YES;
				BUNDLE_LOADER = "$(TEST_HOST)";
				CODE_SIGN_STYLE = Automatic;
				CURRENT_PROJECT_VERSION = 1;
				DEVELOPMENT_TEAM = 4ZVQBU36QY;
				GENERATE_INFOPLIST_FILE = YES;
				IPHONEOS_DEPLOYMENT_TARGET = 15.0;
				LD_RUNPATH_SEARCH_PATHS = (
					"$(inherited)",
					"@executable_path/Frameworks",
					"@loader_path/Frameworks",
				);
				MARKETING_VERSION = 1.0;
				PRODUCT_BUNDLE_IDENTIFIER = com.yuken.QuizButtonTests;
				PRODUCT_NAME = "$(TARGET_NAME)";
				SWIFT_EMIT_LOC_STRINGS = NO;
				SWIFT_VERSION = 5.0;
				TARGETED_DEVICE_FAMILY = "1,2";
				TEST_HOST = "$(BUILT_PRODUCTS_DIR)/QuizButton.app/QuizButton";
			};
			name = Release;
		};
		45DEB098273AA69600361BDD /* Debug */ = {
			isa = XCBuildConfiguration;
			baseConfigurationReference = 774610C69D0B7F5AAD86BFBD /* Pods-QuizButton-QuizButtonUITests.debug.xcconfig */;
			buildSettings = {
				ALWAYS_EMBED_SWIFT_STANDARD_LIBRARIES = YES;
				CODE_SIGN_STYLE = Automatic;
				CURRENT_PROJECT_VERSION = 1;
				DEVELOPMENT_TEAM = 4ZVQBU36QY;
				GENERATE_INFOPLIST_FILE = YES;
				LD_RUNPATH_SEARCH_PATHS = (
					"$(inherited)",
					"@executable_path/Frameworks",
					"@loader_path/Frameworks",
				);
				MARKETING_VERSION = 1.0;
				PRODUCT_BUNDLE_IDENTIFIER = com.yuken.QuizButtonUITests;
				PRODUCT_NAME = "$(TARGET_NAME)";
				SWIFT_EMIT_LOC_STRINGS = NO;
				SWIFT_VERSION = 5.0;
				TARGETED_DEVICE_FAMILY = "1,2";
				TEST_TARGET_NAME = QuizButton;
			};
			name = Debug;
		};
		45DEB099273AA69600361BDD /* Release */ = {
			isa = XCBuildConfiguration;
			baseConfigurationReference = 34562B8C1CBFB560EF3CDE33 /* Pods-QuizButton-QuizButtonUITests.release.xcconfig */;
			buildSettings = {
				ALWAYS_EMBED_SWIFT_STANDARD_LIBRARIES = YES;
				CODE_SIGN_STYLE = Automatic;
				CURRENT_PROJECT_VERSION = 1;
				DEVELOPMENT_TEAM = 4ZVQBU36QY;
				GENERATE_INFOPLIST_FILE = YES;
				LD_RUNPATH_SEARCH_PATHS = (
					"$(inherited)",
					"@executable_path/Frameworks",
					"@loader_path/Frameworks",
				);
				MARKETING_VERSION = 1.0;
				PRODUCT_BUNDLE_IDENTIFIER = com.yuken.QuizButtonUITests;
				PRODUCT_NAME = "$(TARGET_NAME)";
				SWIFT_EMIT_LOC_STRINGS = NO;
				SWIFT_VERSION = 5.0;
				TARGETED_DEVICE_FAMILY = "1,2";
				TEST_TARGET_NAME = QuizButton;
			};
			name = Release;
		};
/* End XCBuildConfiguration section */

/* Begin XCConfigurationList section */
		45DEB062273AA69300361BDD /* Build configuration list for PBXProject "QuizButton" */ = {
			isa = XCConfigurationList;
			buildConfigurations = (
				45DEB08F273AA69600361BDD /* Debug */,
				45DEB090273AA69600361BDD /* Release */,
			);
			defaultConfigurationIsVisible = 0;
			defaultConfigurationName = Release;
		};
		45DEB091273AA69600361BDD /* Build configuration list for PBXNativeTarget "QuizButton" */ = {
			isa = XCConfigurationList;
			buildConfigurations = (
				45DEB092273AA69600361BDD /* Debug */,
				45DEB093273AA69600361BDD /* Release */,
			);
			defaultConfigurationIsVisible = 0;
			defaultConfigurationName = Release;
		};
		45DEB094273AA69600361BDD /* Build configuration list for PBXNativeTarget "QuizButtonTests" */ = {
			isa = XCConfigurationList;
			buildConfigurations = (
				45DEB095273AA69600361BDD /* Debug */,
				45DEB096273AA69600361BDD /* Release */,
			);
			defaultConfigurationIsVisible = 0;
			defaultConfigurationName = Release;
		};
		45DEB097273AA69600361BDD /* Build configuration list for PBXNativeTarget "QuizButtonUITests" */ = {
			isa = XCConfigurationList;
			buildConfigurations = (
				45DEB098273AA69600361BDD /* Debug */,
				45DEB099273AA69600361BDD /* Release */,
			);
			defaultConfigurationIsVisible = 0;
			defaultConfigurationName = Release;
		};
/* End XCConfigurationList section */
	};
	rootObject = 45DEB05F273AA69300361BDD /* Project object */;
}
